// !$*UTF8*$!
{
	archiveVersion = 1;
	classes = {
	};
	objectVersion = 46;
	objects = {

/* Begin PBXBuildFile section */
		17434192CAB23A866B774F65 /* Pods_CardapioVirtual.framework in Frameworks */ = {isa = PBXBuildFile; fileRef = 3C6E75B1578E0295C1C5F3BA /* Pods_CardapioVirtual.framework */; };
		D8FB09DA1D79C866005970C0 /* AppDelegate.swift in Sources */ = {isa = PBXBuildFile; fileRef = D8FB09D91D79C866005970C0 /* AppDelegate.swift */; };
		D8FB09DC1D79C866005970C0 /* ViewController.swift in Sources */ = {isa = PBXBuildFile; fileRef = D8FB09DB1D79C866005970C0 /* ViewController.swift */; };
		D8FB09DF1D79C866005970C0 /* Main.storyboard in Resources */ = {isa = PBXBuildFile; fileRef = D8FB09DD1D79C866005970C0 /* Main.storyboard */; };
		D8FB09E11D79C866005970C0 /* Assets.xcassets in Resources */ = {isa = PBXBuildFile; fileRef = D8FB09E01D79C866005970C0 /* Assets.xcassets */; };
		D8FB09E41D79C866005970C0 /* LaunchScreen.storyboard in Resources */ = {isa = PBXBuildFile; fileRef = D8FB09E21D79C866005970C0 /* LaunchScreen.storyboard */; };
		D8FB09F51D79E3FE005970C0 /* FBSDKCoreKit.framework in Frameworks */ = {isa = PBXBuildFile; fileRef = D8FB09EB1D79E142005970C0 /* FBSDKCoreKit.framework */; };
		D8FB09F61D79E40B005970C0 /* FBSDKLoginKit.framework in Frameworks */ = {isa = PBXBuildFile; fileRef = D8FB09ED1D79E152005970C0 /* FBSDKLoginKit.framework */; };
		D8FB09F81D79E710005970C0 /* UIKit.framework in Frameworks */ = {isa = PBXBuildFile; fileRef = D8FB09F71D79E710005970C0 /* UIKit.framework */; };
		D8FB09FB1D79E911005970C0 /* CustomTokenViewController.swift in Sources */ = {isa = PBXBuildFile; fileRef = D8FB09FA1D79E911005970C0 /* CustomTokenViewController.swift */; };
		D8FB09FD1D79E930005970C0 /* EmailViewController.swift in Sources */ = {isa = PBXBuildFile; fileRef = D8FB09FC1D79E930005970C0 /* EmailViewController.swift */; };
		D8FB09FF1D79E94F005970C0 /* MainViewController.swift in Sources */ = {isa = PBXBuildFile; fileRef = D8FB09FE1D79E94F005970C0 /* MainViewController.swift */; };
		D8FB0A041D79EB4D005970C0 /* UIViewController+Alerts.m in Sources */ = {isa = PBXBuildFile; fileRef = D8FB0A031D79EB4D005970C0 /* UIViewController+Alerts.m */; };
		D8FB0A061D79EC9D005970C0 /* GoogleService-Info.plist in Resources */ = {isa = PBXBuildFile; fileRef = D8FB0A051D79EC9D005970C0 /* GoogleService-Info.plist */; };
/* End PBXBuildFile section */

/* Begin PBXFileReference section */
		3C6E75B1578E0295C1C5F3BA /* Pods_CardapioVirtual.framework */ = {isa = PBXFileReference; explicitFileType = wrapper.framework; includeInIndex = 0; path = Pods_CardapioVirtual.framework; sourceTree = BUILT_PRODUCTS_DIR; };
		8845CBF048EAE3EE7C2F4663 /* Pods-CardapioVirtual.release.xcconfig */ = {isa = PBXFileReference; includeInIndex = 1; lastKnownFileType = text.xcconfig; name = "Pods-CardapioVirtual.release.xcconfig"; path = "Pods/Target Support Files/Pods-CardapioVirtual/Pods-CardapioVirtual.release.xcconfig"; sourceTree = "<group>"; };
		90A1EC0AE895D493C41F3D8D /* Pods-CardapioVirtual.debug.xcconfig */ = {isa = PBXFileReference; includeInIndex = 1; lastKnownFileType = text.xcconfig; name = "Pods-CardapioVirtual.debug.xcconfig"; path = "Pods/Target Support Files/Pods-CardapioVirtual/Pods-CardapioVirtual.debug.xcconfig"; sourceTree = "<group>"; };
		D8FB09D61D79C866005970C0 /* CardapioVirtual.app */ = {isa = PBXFileReference; explicitFileType = wrapper.application; includeInIndex = 0; path = CardapioVirtual.app; sourceTree = BUILT_PRODUCTS_DIR; };
		D8FB09D91D79C866005970C0 /* AppDelegate.swift */ = {isa = PBXFileReference; lastKnownFileType = sourcecode.swift; path = AppDelegate.swift; sourceTree = "<group>"; };
		D8FB09DB1D79C866005970C0 /* ViewController.swift */ = {isa = PBXFileReference; lastKnownFileType = sourcecode.swift; path = ViewController.swift; sourceTree = "<group>"; };
		D8FB09DE1D79C866005970C0 /* Base */ = {isa = PBXFileReference; lastKnownFileType = file.storyboard; name = Base; path = Base.lproj/Main.storyboard; sourceTree = "<group>"; };
		D8FB09E01D79C866005970C0 /* Assets.xcassets */ = {isa = PBXFileReference; lastKnownFileType = folder.assetcatalog; path = Assets.xcassets; sourceTree = "<group>"; };
		D8FB09E31D79C866005970C0 /* Base */ = {isa = PBXFileReference; lastKnownFileType = file.storyboard; name = Base; path = Base.lproj/LaunchScreen.storyboard; sourceTree = "<group>"; };
		D8FB09E51D79C866005970C0 /* Info.plist */ = {isa = PBXFileReference; lastKnownFileType = text.plist.xml; path = Info.plist; sourceTree = "<group>"; };
		D8FB09EB1D79E142005970C0 /* FBSDKCoreKit.framework */ = {isa = PBXFileReference; lastKnownFileType = wrapper.framework; name = FBSDKCoreKit.framework; path = "../../../../Downloads/FacebookSDKs-iOS-4.12.0/FBSDKCoreKit.framework"; sourceTree = "<group>"; };
		D8FB09ED1D79E152005970C0 /* FBSDKLoginKit.framework */ = {isa = PBXFileReference; lastKnownFileType = wrapper.framework; name = FBSDKLoginKit.framework; path = "../../../../Downloads/FacebookSDKs-iOS-4.12.0/FBSDKLoginKit.framework"; sourceTree = "<group>"; };
		D8FB09F71D79E710005970C0 /* UIKit.framework */ = {isa = PBXFileReference; lastKnownFileType = wrapper.framework; name = UIKit.framework; path = System/Library/Frameworks/UIKit.framework; sourceTree = SDKROOT; };
		D8FB09FA1D79E911005970C0 /* CustomTokenViewController.swift */ = {isa = PBXFileReference; fileEncoding = 4; lastKnownFileType = sourcecode.swift; path = CustomTokenViewController.swift; sourceTree = "<group>"; };
		D8FB09FC1D79E930005970C0 /* EmailViewController.swift */ = {isa = PBXFileReference; fileEncoding = 4; lastKnownFileType = sourcecode.swift; path = EmailViewController.swift; sourceTree = "<group>"; };
		D8FB09FE1D79E94F005970C0 /* MainViewController.swift */ = {isa = PBXFileReference; fileEncoding = 4; lastKnownFileType = sourcecode.swift; path = MainViewController.swift; sourceTree = "<group>"; };
		D8FB0A011D79EB46005970C0 /* CardapioVirtual-Bridging-Header.h */ = {isa = PBXFileReference; lastKnownFileType = sourcecode.c.h; path = "CardapioVirtual-Bridging-Header.h"; sourceTree = "<group>"; };
		D8FB0A021D79EB4D005970C0 /* UIViewController+Alerts.h */ = {isa = PBXFileReference; fileEncoding = 4; lastKnownFileType = sourcecode.c.h; name = "UIViewController+Alerts.h"; path = "../../firebase/quickstart-ios/authentication/AuthenticationExample/UIViewController+Alerts.h"; sourceTree = "<group>"; };
		D8FB0A031D79EB4D005970C0 /* UIViewController+Alerts.m */ = {isa = PBXFileReference; fileEncoding = 4; lastKnownFileType = sourcecode.c.objc; name = "UIViewController+Alerts.m"; path = "../../firebase/quickstart-ios/authentication/AuthenticationExample/UIViewController+Alerts.m"; sourceTree = "<group>"; };
		D8FB0A051D79EC9D005970C0 /* GoogleService-Info.plist */ = {isa = PBXFileReference; fileEncoding = 4; lastKnownFileType = text.plist.xml; name = "GoogleService-Info.plist"; path = "../../../../../Downloads/GoogleService-Info.plist"; sourceTree = "<group>"; };
/* End PBXFileReference section */

/* Begin PBXFrameworksBuildPhase section */
		D8FB09D31D79C866005970C0 /* Frameworks */ = {
			isa = PBXFrameworksBuildPhase;
			buildActionMask = 2147483647;
			files = (
				D8FB09F81D79E710005970C0 /* UIKit.framework in Frameworks */,
				D8FB09F51D79E3FE005970C0 /* FBSDKCoreKit.framework in Frameworks */,
				D8FB09F61D79E40B005970C0 /* FBSDKLoginKit.framework in Frameworks */,
				17434192CAB23A866B774F65 /* Pods_CardapioVirtual.framework in Frameworks */,
			);
			runOnlyForDeploymentPostprocessing = 0;
		};
/* End PBXFrameworksBuildPhase section */

/* Begin PBXGroup section */
		362AE3E4B9B36202C19ED735 /* Pods */ = {
			isa = PBXGroup;
			children = (
				90A1EC0AE895D493C41F3D8D /* Pods-CardapioVirtual.debug.xcconfig */,
				8845CBF048EAE3EE7C2F4663 /* Pods-CardapioVirtual.release.xcconfig */,
			);
			name = Pods;
			sourceTree = "<group>";
		};
		8E81CE32C24A6C4144B3BB5E /* Frameworks */ = {
			isa = PBXGroup;
			children = (
				D8FB09F71D79E710005970C0 /* UIKit.framework */,
				D8FB09ED1D79E152005970C0 /* FBSDKLoginKit.framework */,
				D8FB09EB1D79E142005970C0 /* FBSDKCoreKit.framework */,
				3C6E75B1578E0295C1C5F3BA /* Pods_CardapioVirtual.framework */,
			);
			name = Frameworks;
			sourceTree = "<group>";
		};
		D8FB09CD1D79C865005970C0 = {
			isa = PBXGroup;
			children = (
				D8FB09D81D79C866005970C0 /* CardapioVirtual */,
				D8FB09D71D79C866005970C0 /* Products */,
				362AE3E4B9B36202C19ED735 /* Pods */,
				8E81CE32C24A6C4144B3BB5E /* Frameworks */,
			);
			sourceTree = "<group>";
		};
		D8FB09D71D79C866005970C0 /* Products */ = {
			isa = PBXGroup;
			children = (
				D8FB09D61D79C866005970C0 /* CardapioVirtual.app */,
			);
			name = Products;
			sourceTree = "<group>";
		};
		D8FB09D81D79C866005970C0 /* CardapioVirtual */ = {
			isa = PBXGroup;
			children = (
				D8FB09F91D79E8CD005970C0 /* Authentication */,
				D8FB09DB1D79C866005970C0 /* ViewController.swift */,
				D8FB09DD1D79C866005970C0 /* Main.storyboard */,
				D8FB09E01D79C866005970C0 /* Assets.xcassets */,
				D8FB09E21D79C866005970C0 /* LaunchScreen.storyboard */,
				D8FB0A051D79EC9D005970C0 /* GoogleService-Info.plist */,
				D8FB09E51D79C866005970C0 /* Info.plist */,
			);
			path = CardapioVirtual;
			sourceTree = "<group>";
		};
		D8FB09F91D79E8CD005970C0 /* Authentication */ = {
			isa = PBXGroup;
			children = (
				D8FB0A001D79EAF5005970C0 /* Supporting Files */,
				D8FB09FA1D79E911005970C0 /* CustomTokenViewController.swift */,
				D8FB09FC1D79E930005970C0 /* EmailViewController.swift */,
				D8FB09FE1D79E94F005970C0 /* MainViewController.swift */,
			);
			name = Authentication;
			sourceTree = "<group>";
		};
		D8FB0A001D79EAF5005970C0 /* Supporting Files */ = {
			isa = PBXGroup;
			children = (
				D8FB09D91D79C866005970C0 /* AppDelegate.swift */,
				D8FB0A021D79EB4D005970C0 /* UIViewController+Alerts.h */,
				D8FB0A031D79EB4D005970C0 /* UIViewController+Alerts.m */,
				D8FB0A011D79EB46005970C0 /* CardapioVirtual-Bridging-Header.h */,
			);
			name = "Supporting Files";
			sourceTree = "<group>";
		};
/* End PBXGroup section */

/* Begin PBXNativeTarget section */
		D8FB09D51D79C866005970C0 /* CardapioVirtual */ = {
			isa = PBXNativeTarget;
			buildConfigurationList = D8FB09E81D79C866005970C0 /* Build configuration list for PBXNativeTarget "CardapioVirtual" */;
			buildPhases = (
				0E7BBF0BFB005547A948FE97 /* [CP] Check Pods Manifest.lock */,
				D8FB09D21D79C866005970C0 /* Sources */,
				D8FB09D31D79C866005970C0 /* Frameworks */,
				D8FB09D41D79C866005970C0 /* Resources */,
				E3CD2D0E0A4C6C45F8490C27 /* [CP] Embed Pods Frameworks */,
				631EF6C16604847E7AEE0F00 /* [CP] Copy Pods Resources */,
			);
			buildRules = (
			);
			dependencies = (
			);
			name = CardapioVirtual;
			productName = CardapioVirtual;
			productReference = D8FB09D61D79C866005970C0 /* CardapioVirtual.app */;
			productType = "com.apple.product-type.application";
		};
/* End PBXNativeTarget section */

/* Begin PBXProject section */
		D8FB09CE1D79C866005970C0 /* Project object */ = {
			isa = PBXProject;
			attributes = {
				LastSwiftUpdateCheck = 0730;
				LastUpgradeCheck = 0730;
				ORGANIZATIONNAME = Mobile10;
				TargetAttributes = {
					D8FB09D51D79C866005970C0 = {
						CreatedOnToolsVersion = 7.3.1;
					};
				};
			};
			buildConfigurationList = D8FB09D11D79C866005970C0 /* Build configuration list for PBXProject "CardapioVirtual" */;
			compatibilityVersion = "Xcode 3.2";
			developmentRegion = English;
			hasScannedForEncodings = 0;
			knownRegions = (
				en,
				Base,
			);
			mainGroup = D8FB09CD1D79C865005970C0;
			productRefGroup = D8FB09D71D79C866005970C0 /* Products */;
			projectDirPath = "";
			projectRoot = "";
			targets = (
				D8FB09D51D79C866005970C0 /* CardapioVirtual */,
			);
		};
/* End PBXProject section */

/* Begin PBXResourcesBuildPhase section */
		D8FB09D41D79C866005970C0 /* Resources */ = {
			isa = PBXResourcesBuildPhase;
			buildActionMask = 2147483647;
			files = (
				D8FB09E41D79C866005970C0 /* LaunchScreen.storyboard in Resources */,
				D8FB0A061D79EC9D005970C0 /* GoogleService-Info.plist in Resources */,
				D8FB09E11D79C866005970C0 /* Assets.xcassets in Resources */,
				D8FB09DF1D79C866005970C0 /* Main.storyboard in Resources */,
			);
			runOnlyForDeploymentPostprocessing = 0;
		};
/* End PBXResourcesBuildPhase section */

/* Begin PBXShellScriptBuildPhase section */
		0E7BBF0BFB005547A948FE97 /* [CP] Check Pods Manifest.lock */ = {
			isa = PBXShellScriptBuildPhase;
			buildActionMask = 2147483647;
			files = (
			);
			inputPaths = (
			);
			name = "[CP] Check Pods Manifest.lock";
			outputPaths = (
			);
			runOnlyForDeploymentPostprocessing = 0;
			shellPath = /bin/sh;
			shellScript = "diff \"${PODS_ROOT}/../Podfile.lock\" \"${PODS_ROOT}/Manifest.lock\" > /dev/null\nif [ $? != 0 ] ; then\n    # print error to STDERR\n    echo \"error: The sandbox is not in sync with the Podfile.lock. Run 'pod install' or update your CocoaPods installation.\" >&2\n    exit 1\nfi\n";
			showEnvVarsInLog = 0;
		};
		631EF6C16604847E7AEE0F00 /* [CP] Copy Pods Resources */ = {
			isa = PBXShellScriptBuildPhase;
			buildActionMask = 2147483647;
			files = (
			);
			inputPaths = (
			);
			name = "[CP] Copy Pods Resources";
			outputPaths = (
			);
			runOnlyForDeploymentPostprocessing = 0;
			shellPath = /bin/sh;
			shellScript = "\"${SRCROOT}/Pods/Target Support Files/Pods-CardapioVirtual/Pods-CardapioVirtual-resources.sh\"\n";
			showEnvVarsInLog = 0;
		};
		E3CD2D0E0A4C6C45F8490C27 /* [CP] Embed Pods Frameworks */ = {
			isa = PBXShellScriptBuildPhase;
			buildActionMask = 2147483647;
			files = (
			);
			inputPaths = (
			);
			name = "[CP] Embed Pods Frameworks";
			outputPaths = (
			);
			runOnlyForDeploymentPostprocessing = 0;
			shellPath = /bin/sh;
			shellScript = "\"${SRCROOT}/Pods/Target Support Files/Pods-CardapioVirtual/Pods-CardapioVirtual-frameworks.sh\"\n";
			showEnvVarsInLog = 0;
		};
/* End PBXShellScriptBuildPhase section */

/* Begin PBXSourcesBuildPhase section */
		D8FB09D21D79C866005970C0 /* Sources */ = {
			isa = PBXSourcesBuildPhase;
			buildActionMask = 2147483647;
			files = (
				D8FB09DC1D79C866005970C0 /* ViewController.swift in Sources */,
				D8FB09DA1D79C866005970C0 /* AppDelegate.swift in Sources */,
				D8FB09FB1D79E911005970C0 /* CustomTokenViewController.swift in Sources */,
				D8FB0A041D79EB4D005970C0 /* UIViewController+Alerts.m in Sources */,
				D8FB09FD1D79E930005970C0 /* EmailViewController.swift in Sources */,
				D8FB09FF1D79E94F005970C0 /* MainViewController.swift in Sources */,
			);
			runOnlyForDeploymentPostprocessing = 0;
		};
/* End PBXSourcesBuildPhase section */

/* Begin PBXVariantGroup section */
		D8FB09DD1D79C866005970C0 /* Main.storyboard */ = {
			isa = PBXVariantGroup;
			children = (
				D8FB09DE1D79C866005970C0 /* Base */,
			);
			name = Main.storyboard;
			sourceTree = "<group>";
		};
		D8FB09E21D79C866005970C0 /* LaunchScreen.storyboard */ = {
			isa = PBXVariantGroup;
			children = (
				D8FB09E31D79C866005970C0 /* Base */,
			);
			name = LaunchScreen.storyboard;
			sourceTree = "<group>";
		};
/* End PBXVariantGroup section */

/* Begin XCBuildConfiguration section */
		D8FB09E61D79C866005970C0 /* Debug */ = {
			isa = XCBuildConfiguration;
			buildSettings = {
				ALWAYS_SEARCH_USER_PATHS = NO;
				CLANG_ANALYZER_NONNULL = YES;
				CLANG_CXX_LANGUAGE_STANDARD = "gnu++0x";
				CLANG_CXX_LIBRARY = "libc++";
				CLANG_ENABLE_MODULES = YES;
				CLANG_ENABLE_OBJC_ARC = YES;
				CLANG_WARN_BOOL_CONVERSION = YES;
				CLANG_WARN_CONSTANT_CONVERSION = YES;
				CLANG_WARN_DIRECT_OBJC_ISA_USAGE = YES_ERROR;
				CLANG_WARN_EMPTY_BODY = YES;
				CLANG_WARN_ENUM_CONVERSION = YES;
				CLANG_WARN_INT_CONVERSION = YES;
				CLANG_WARN_OBJC_ROOT_CLASS = YES_ERROR;
				CLANG_WARN_UNREACHABLE_CODE = YES;
				CLANG_WARN__DUPLICATE_METHOD_MATCH = YES;
				"CODE_SIGN_IDENTITY[sdk=iphoneos*]" = "iPhone Developer";
				COPY_PHASE_STRIP = NO;
				DEBUG_INFORMATION_FORMAT = dwarf;
				ENABLE_STRICT_OBJC_MSGSEND = YES;
				ENABLE_TESTABILITY = YES;
				GCC_C_LANGUAGE_STANDARD = gnu99;
				GCC_DYNAMIC_NO_PIC = NO;
				GCC_NO_COMMON_BLOCKS = YES;
				GCC_OPTIMIZATION_LEVEL = 0;
				GCC_PREPROCESSOR_DEFINITIONS = (
					"DEBUG=1",
					"$(inherited)",
				);
				GCC_WARN_64_TO_32_BIT_CONVERSION = YES;
				GCC_WARN_ABOUT_RETURN_TYPE = YES_ERROR;
				GCC_WARN_UNDECLARED_SELECTOR = YES;
				GCC_WARN_UNINITIALIZED_AUTOS = YES_AGGRESSIVE;
				GCC_WARN_UNUSED_FUNCTION = YES;
				GCC_WARN_UNUSED_VARIABLE = YES;
				IPHONEOS_DEPLOYMENT_TARGET = 9.3;
				MTL_ENABLE_DEBUG_INFO = YES;
				ONLY_ACTIVE_ARCH = YES;
				SDKROOT = iphoneos;
				SWIFT_OPTIMIZATION_LEVEL = "-Onone";
				TARGETED_DEVICE_FAMILY = "1,2";
			};
			name = Debug;
		};
		D8FB09E71D79C866005970C0 /* Release */ = {
			isa = XCBuildConfiguration;
			buildSettings = {
				ALWAYS_SEARCH_USER_PATHS = NO;
				CLANG_ANALYZER_NONNULL = YES;
				CLANG_CXX_LANGUAGE_STANDARD = "gnu++0x";
				CLANG_CXX_LIBRARY = "libc++";
				CLANG_ENABLE_MODULES = YES;
				CLANG_ENABLE_OBJC_ARC = YES;
				CLANG_WARN_BOOL_CONVERSION = YES;
				CLANG_WARN_CONSTANT_CONVERSION = YES;
				CLANG_WARN_DIRECT_OBJC_ISA_USAGE = YES_ERROR;
				CLANG_WARN_EMPTY_BODY = YES;
				CLANG_WARN_ENUM_CONVERSION = YES;
				CLANG_WARN_INT_CONVERSION = YES;
				CLANG_WARN_OBJC_ROOT_CLASS = YES_ERROR;
				CLANG_WARN_UNREACHABLE_CODE = YES;
				CLANG_WARN__DUPLICATE_METHOD_MATCH = YES;
				"CODE_SIGN_IDENTITY[sdk=iphoneos*]" = "iPhone Developer";
				COPY_PHASE_STRIP = NO;
				DEBUG_INFORMATION_FORMAT = "dwarf-with-dsym";
				ENABLE_NS_ASSERTIONS = NO;
				ENABLE_STRICT_OBJC_MSGSEND = YES;
				GCC_C_LANGUAGE_STANDARD = gnu99;
				GCC_NO_COMMON_BLOCKS = YES;
				GCC_WARN_64_TO_32_BIT_CONVERSION = YES;
				GCC_WARN_ABOUT_RETURN_TYPE = YES_ERROR;
				GCC_WARN_UNDECLARED_SELECTOR = YES;
				GCC_WARN_UNINITIALIZED_AUTOS = YES_AGGRESSIVE;
				GCC_WARN_UNUSED_FUNCTION = YES;
				GCC_WARN_UNUSED_VARIABLE = YES;
				IPHONEOS_DEPLOYMENT_TARGET = 9.3;
				MTL_ENABLE_DEBUG_INFO = NO;
				SDKROOT = iphoneos;
				TARGETED_DEVICE_FAMILY = "1,2";
				VALIDATE_PRODUCT = YES;
			};
			name = Release;
		};
		D8FB09E91D79C866005970C0 /* Debug */ = {
			isa = XCBuildConfiguration;
			baseConfigurationReference = 90A1EC0AE895D493C41F3D8D /* Pods-CardapioVirtual.debug.xcconfig */;
			buildSettings = {
				ASSETCATALOG_COMPILER_APPICON_NAME = AppIcon;
				CLANG_ENABLE_MODULES = YES;
				INFOPLIST_FILE = CardapioVirtual/Info.plist;
				LD_RUNPATH_SEARCH_PATHS = "$(inherited) @executable_path/Frameworks";
				PRODUCT_BUNDLE_IDENTIFIER = br.com.mobile10.CardapioVirtual;
				PRODUCT_NAME = "$(TARGET_NAME)";
				SWIFT_OBJC_BRIDGING_HEADER = "CardapioVirtual/CardapioVirtual-Bridging-Header.h";
				SWIFT_OPTIMIZATION_LEVEL = "-Onone";
			};
			name = Debug;
		};
		D8FB09EA1D79C866005970C0 /* Release */ = {
			isa = XCBuildConfiguration;
			baseConfigurationReference = 8845CBF048EAE3EE7C2F4663 /* Pods-CardapioVirtual.release.xcconfig */;
			buildSettings = {
				ASSETCATALOG_COMPILER_APPICON_NAME = AppIcon;
				CLANG_ENABLE_MODULES = YES;
				INFOPLIST_FILE = CardapioVirtual/Info.plist;
				LD_RUNPATH_SEARCH_PATHS = "$(inherited) @executable_path/Frameworks";
				PRODUCT_BUNDLE_IDENTIFIER = br.com.mobile10.CardapioVirtual;
				PRODUCT_NAME = "$(TARGET_NAME)";
				SWIFT_OBJC_BRIDGING_HEADER = "CardapioVirtual/CardapioVirtual-Bridging-Header.h";
			};
			name = Release;
		};
/* End XCBuildConfiguration section */

/* Begin XCConfigurationList section */
		D8FB09D11D79C866005970C0 /* Build configuration list for PBXProject "CardapioVirtual" */ = {
			isa = XCConfigurationList;
			buildConfigurations = (
				D8FB09E61D79C866005970C0 /* Debug */,
				D8FB09E71D79C866005970C0 /* Release */,
			);
			defaultConfigurationIsVisible = 0;
			defaultConfigurationName = Release;
		};
		D8FB09E81D79C866005970C0 /* Build configuration list for PBXNativeTarget "CardapioVirtual" */ = {
			isa = XCConfigurationList;
			buildConfigurations = (
				D8FB09E91D79C866005970C0 /* Debug */,
				D8FB09EA1D79C866005970C0 /* Release */,
			);
			defaultConfigurationIsVisible = 0;
			defaultConfigurationName = Release;
		};
/* End XCConfigurationList section */
	};
	rootObject = D8FB09CE1D79C866005970C0 /* Project object */;
}
